
Microsoft Visual Studio Solution File, Format Version 12.00
# Visual Studio Version 17
VisualStudioVersion = 17.11.35312.102
MinimumVisualStudioVersion = 10.0.40219.1
Project("{FAE04EC0-301F-11D3-BF4B-00C04F79EFBC}") = "testgitapp", "testgitapp\testgitapp.csproj", "{689E629B-BF55-4A5C-96D2-ED726B5E7B7F}"
EndProject
Global
	GlobalSection(SolutionConfigurationPlatforms) = preSolution
		Debug|Any CPU = Debug|Any CPU
		Release|Any CPU = Release|Any CPU
	EndGlobalSection
	GlobalSection(ProjectConfigurationPlatforms) = postSolution
		{689E629B-BF55-4A5C-96D2-ED726B5E7B7F}.Debug|Any CPU.ActiveCfg = Debug|Any CPU
		{689E629B-BF55-4A5C-96D2-ED726B5E7B7F}.Debug|Any CPU.Build.0 = Debug|Any CPU
		{689E629B-BF55-4A5C-96D2-ED726B5E7B7F}.Release|Any CPU.ActiveCfg = Release|Any CPU
		{689E629B-BF55-4A5C-96D2-ED726B5E7B7F}.Release|Any CPU.Build.0 = Release|Any CPU
	EndGlobalSection
	GlobalSection(SolutionProperties) = preSolution
		HideSolutionNode = FALSE
	EndGlobalSection
	GlobalSection(ExtensibilityGlobals) = postSolution
		SolutionGuid = {177F59D3-3C61-4F02-9270-2A5E7E975E48}
	EndGlobalSection
EndGlobal
